
Microsoft Visual Studio Solution File, Format Version 12.00
# Visual Studio Version 17
VisualStudioVersion = 17.7.34221.43
MinimumVisualStudioVersion = 10.0.40219.1
Project("{FAE04EC0-301F-11D3-BF4B-00C04F79EFBC}") = "API", "API\API.csproj", "{6E8974EA-8923-4FD6-A0AF-28FD8E1657DA}"
EndProject
Project("{FAE04EC0-301F-11D3-BF4B-00C04F79EFBC}") = "Core", "Core\Core.csproj", "{583B49D3-2352-4345-ABAF-58A0B7024276}"
EndProject
Project("{FAE04EC0-301F-11D3-BF4B-00C04F79EFBC}") = "Infrastructure", "Infrastructure\Infrastructure.csproj", "{274CD139-B131-45DD-9998-042A2C6CC187}"
EndProject
Global
	GlobalSection(SolutionConfigurationPlatforms) = preSolution
		Debug|Any CPU = Debug|Any CPU
		Release|Any CPU = Release|Any CPU
	EndGlobalSection
	GlobalSection(ProjectConfigurationPlatforms) = postSolution
		{6E8974EA-8923-4FD6-A0AF-28FD8E1657DA}.Debug|Any CPU.ActiveCfg = Debug|Any CPU
		{6E8974EA-8923-4FD6-A0AF-28FD8E1657DA}.Debug|Any CPU.Build.0 = Debug|Any CPU
		{6E8974EA-8923-4FD6-A0AF-28FD8E1657DA}.Release|Any CPU.ActiveCfg = Release|Any CPU
		{6E8974EA-8923-4FD6-A0AF-28FD8E1657DA}.Release|Any CPU.Build.0 = Release|Any CPU
		{583B49D3-2352-4345-ABAF-58A0B7024276}.Debug|Any CPU.ActiveCfg = Debug|Any CPU
		{583B49D3-2352-4345-ABAF-58A0B7024276}.Debug|Any CPU.Build.0 = Debug|Any CPU
		{583B49D3-2352-4345-ABAF-58A0B7024276}.Release|Any CPU.ActiveCfg = Release|Any CPU
		{583B49D3-2352-4345-ABAF-58A0B7024276}.Release|Any CPU.Build.0 = Release|Any CPU
		{274CD139-B131-45DD-9998-042A2C6CC187}.Debug|Any CPU.ActiveCfg = Debug|Any CPU
		{274CD139-B131-45DD-9998-042A2C6CC187}.Debug|Any CPU.Build.0 = Debug|Any CPU
		{274CD139-B131-45DD-9998-042A2C6CC187}.Release|Any CPU.ActiveCfg = Release|Any CPU
		{274CD139-B131-45DD-9998-042A2C6CC187}.Release|Any CPU.Build.0 = Release|Any CPU
	EndGlobalSection
	GlobalSection(SolutionProperties) = preSolution
		HideSolutionNode = FALSE
	EndGlobalSection
	GlobalSection(ExtensibilityGlobals) = postSolution
		SolutionGuid = {8DBBE6F2-6F62-4E0B-B183-23BBA679B2E0}
	EndGlobalSection
EndGlobal
